
Microsoft Visual Studio Solution File, Format Version 12.00
# Visual Studio Version 16
VisualStudioVersion = 16.0.30517.126
MinimumVisualStudioVersion = 10.0.40219.1
Project("{FAE04EC0-301F-11D3-BF4B-00C04F79EFBC}") = "plasticlove", "plasticlove\plasticlove.csproj", "{70534BC4-3D07-46EC-B305-965B40D3EE6F}"
EndProject
Global
	GlobalSection(SolutionConfigurationPlatforms) = preSolution
		Debug|Any CPU = Debug|Any CPU
		Release|Any CPU = Release|Any CPU
	EndGlobalSection
	GlobalSection(ProjectConfigurationPlatforms) = postSolution
		{70534BC4-3D07-46EC-B305-965B40D3EE6F}.Debug|Any CPU.ActiveCfg = Debug|Any CPU
		{70534BC4-3D07-46EC-B305-965B40D3EE6F}.Debug|Any CPU.Build.0 = Debug|Any CPU
		{70534BC4-3D07-46EC-B305-965B40D3EE6F}.Release|Any CPU.ActiveCfg = Release|Any CPU
		{70534BC4-3D07-46EC-B305-965B40D3EE6F}.Release|Any CPU.Build.0 = Release|Any CPU
	EndGlobalSection
	GlobalSection(SolutionProperties) = preSolution
		HideSolutionNode = FALSE
	EndGlobalSection
	GlobalSection(ExtensibilityGlobals) = postSolution
		SolutionGuid = {5AB50301-E75F-4845-BB43-66907E3B8659}
	EndGlobalSection
EndGlobal
